// !$*UTF8*$!
{
	archiveVersion = 1;
	classes = {
	};
	objectVersion = 56;
	objects = {

/* Begin PBXBuildFile section */
		2233CD912A927E3200C1EECC /* AppDelegate.swift in Sources */ = {isa = PBXBuildFile; fileRef = 2233CD902A927E3200C1EECC /* AppDelegate.swift */; };
		2233CD932A927E3200C1EECC /* SceneDelegate.swift in Sources */ = {isa = PBXBuildFile; fileRef = 2233CD922A927E3200C1EECC /* SceneDelegate.swift */; };
		2233CD952A927E3200C1EECC /* ViewController.swift in Sources */ = {isa = PBXBuildFile; fileRef = 2233CD942A927E3200C1EECC /* ViewController.swift */; };
		2233CD982A927E3200C1EECC /* Main.storyboard in Resources */ = {isa = PBXBuildFile; fileRef = 2233CD962A927E3200C1EECC /* Main.storyboard */; };
		2233CD9A2A927E3300C1EECC /* Assets.xcassets in Resources */ = {isa = PBXBuildFile; fileRef = 2233CD992A927E3300C1EECC /* Assets.xcassets */; };
		2233CD9D2A927E3300C1EECC /* LaunchScreen.storyboard in Resources */ = {isa = PBXBuildFile; fileRef = 2233CD9B2A927E3300C1EECC /* LaunchScreen.storyboard */; };
		2233CDA82A927E3300C1EECC /* WeatherAppNewTests.swift in Sources */ = {isa = PBXBuildFile; fileRef = 2233CDA72A927E3300C1EECC /* WeatherAppNewTests.swift */; };
		2233CDB22A927E3300C1EECC /* WeatherAppNewUITests.swift in Sources */ = {isa = PBXBuildFile; fileRef = 2233CDB12A927E3300C1EECC /* WeatherAppNewUITests.swift */; };
		2233CDB42A927E3300C1EECC /* WeatherAppNewUITestsLaunchTests.swift in Sources */ = {isa = PBXBuildFile; fileRef = 2233CDB32A927E3300C1EECC /* WeatherAppNewUITestsLaunchTests.swift */; };
/* End PBXBuildFile section */

/* Begin PBXContainerItemProxy section */
		2233CDA42A927E3300C1EECC /* PBXContainerItemProxy */ = {
			isa = PBXContainerItemProxy;
			containerPortal = 2233CD852A927E3200C1EECC /* Project object */;
			proxyType = 1;
			remoteGlobalIDString = 2233CD8C2A927E3200C1EECC;
			remoteInfo = WeatherAppNew;
		};
		2233CDAE2A927E3300C1EECC /* PBXContainerItemProxy */ = {
			isa = PBXContainerItemProxy;
			containerPortal = 2233CD852A927E3200C1EECC /* Project object */;
			proxyType = 1;
			remoteGlobalIDString = 2233CD8C2A927E3200C1EECC;
			remoteInfo = WeatherAppNew;
		};
/* End PBXContainerItemProxy section */

/* Begin PBXFileReference section */
		2233CD8D2A927E3200C1EECC /* WeatherAppNew.app */ = {isa = PBXFileReference; explicitFileType = wrapper.application; includeInIndex = 0; path = WeatherAppNew.app; sourceTree = BUILT_PRODUCTS_DIR; };
		2233CD902A927E3200C1EECC /* AppDelegate.swift */ = {isa = PBXFileReference; lastKnownFileType = sourcecode.swift; path = AppDelegate.swift; sourceTree = "<group>"; };
		2233CD922A927E3200C1EECC /* SceneDelegate.swift */ = {isa = PBXFileReference; lastKnownFileType = sourcecode.swift; path = SceneDelegate.swift; sourceTree = "<group>"; };
		2233CD942A927E3200C1EECC /* ViewController.swift */ = {isa = PBXFileReference; lastKnownFileType = sourcecode.swift; path = ViewController.swift; sourceTree = "<group>"; };
		2233CD972A927E3200C1EECC /* Base */ = {isa = PBXFileReference; lastKnownFileType = file.storyboard; name = Base; path = Base.lproj/Main.storyboard; sourceTree = "<group>"; };
		2233CD992A927E3300C1EECC /* Assets.xcassets */ = {isa = PBXFileReference; lastKnownFileType = folder.assetcatalog; path = Assets.xcassets; sourceTree = "<group>"; };
		2233CD9C2A927E3300C1EECC /* Base */ = {isa = PBXFileReference; lastKnownFileType = file.storyboard; name = Base; path = Base.lproj/LaunchScreen.storyboard; sourceTree = "<group>"; };
		2233CD9E2A927E3300C1EECC /* Info.plist */ = {isa = PBXFileReference; lastKnownFileType = text.plist.xml; path = Info.plist; sourceTree = "<group>"; };
		2233CDA32A927E3300C1EECC /* WeatherAppNewTests.xctest */ = {isa = PBXFileReference; explicitFileType = wrapper.cfbundle; includeInIndex = 0; path = WeatherAppNewTests.xctest; sourceTree = BUILT_PRODUCTS_DIR; };
		2233CDA72A927E3300C1EECC /* WeatherAppNewTests.swift */ = {isa = PBXFileReference; lastKnownFileType = sourcecode.swift; path = WeatherAppNewTests.swift; sourceTree = "<group>"; };
		2233CDAD2A927E3300C1EECC /* WeatherAppNewUITests.xctest */ = {isa = PBXFileReference; explicitFileType = wrapper.cfbundle; includeInIndex = 0; path = WeatherAppNewUITests.xctest; sourceTree = BUILT_PRODUCTS_DIR; };
		2233CDB12A927E3300C1EECC /* WeatherAppNewUITests.swift */ = {isa = PBXFileReference; lastKnownFileType = sourcecode.swift; path = WeatherAppNewUITests.swift; sourceTree = "<group>"; };
		2233CDB32A927E3300C1EECC /* WeatherAppNewUITestsLaunchTests.swift */ = {isa = PBXFileReference; lastKnownFileType = sourcecode.swift; path = WeatherAppNewUITestsLaunchTests.swift; sourceTree = "<group>"; };
/* End PBXFileReference section */

/* Begin PBXFrameworksBuildPhase section */
		2233CD8A2A927E3200C1EECC /* Frameworks */ = {
			isa = PBXFrameworksBuildPhase;
			buildActionMask = 2147483647;
			files = (
			);
			runOnlyForDeploymentPostprocessing = 0;
		};
		2233CDA02A927E3300C1EECC /* Frameworks */ = {
			isa = PBXFrameworksBuildPhase;
			buildActionMask = 2147483647;
			files = (
			);
			runOnlyForDeploymentPostprocessing = 0;
		};
		2233CDAA2A927E3300C1EECC /* Frameworks */ = {
			isa = PBXFrameworksBuildPhase;
			buildActionMask = 2147483647;
			files = (
			);
			runOnlyForDeploymentPostprocessing = 0;
		};
/* End PBXFrameworksBuildPhase section */

/* Begin PBXGroup section */
		2233CD842A927E3200C1EECC = {
			isa = PBXGroup;
			children = (
				2233CD8F2A927E3200C1EECC /* WeatherAppNew */,
				2233CDA62A927E3300C1EECC /* WeatherAppNewTests */,
				2233CDB02A927E3300C1EECC /* WeatherAppNewUITests */,
				2233CD8E2A927E3200C1EECC /* Products */,
			);
			sourceTree = "<group>";
		};
		2233CD8E2A927E3200C1EECC /* Products */ = {
			isa = PBXGroup;
			children = (
				2233CD8D2A927E3200C1EECC /* WeatherAppNew.app */,
				2233CDA32A927E3300C1EECC /* WeatherAppNewTests.xctest */,
				2233CDAD2A927E3300C1EECC /* WeatherAppNewUITests.xctest */,
			);
			name = Products;
			sourceTree = "<group>";
		};
		2233CD8F2A927E3200C1EECC /* WeatherAppNew */ = {
			isa = PBXGroup;
			children = (
				2233CD902A927E3200C1EECC /* AppDelegate.swift */,
				2233CD922A927E3200C1EECC /* SceneDelegate.swift */,
				2233CD942A927E3200C1EECC /* ViewController.swift */,
				2233CD962A927E3200C1EECC /* Main.storyboard */,
				2233CD992A927E3300C1EECC /* Assets.xcassets */,
				2233CD9B2A927E3300C1EECC /* LaunchScreen.storyboard */,
				2233CD9E2A927E3300C1EECC /* Info.plist */,
			);
			path = WeatherAppNew;
			sourceTree = "<group>";
		};
		2233CDA62A927E3300C1EECC /* WeatherAppNewTests */ = {
			isa = PBXGroup;
			children = (
				2233CDA72A927E3300C1EECC /* WeatherAppNewTests.swift */,
			);
			path = WeatherAppNewTests;
			sourceTree = "<group>";
		};
		2233CDB02A927E3300C1EECC /* WeatherAppNewUITests */ = {
			isa = PBXGroup;
			children = (
				2233CDB12A927E3300C1EECC /* WeatherAppNewUITests.swift */,
				2233CDB32A927E3300C1EECC /* WeatherAppNewUITestsLaunchTests.swift */,
			);
			path = WeatherAppNewUITests;
			sourceTree = "<group>";
		};
/* End PBXGroup section */

/* Begin PBXNativeTarget section */
		2233CD8C2A927E3200C1EECC /* WeatherAppNew */ = {
			isa = PBXNativeTarget;
			buildConfigurationList = 2233CDB72A927E3300C1EECC /* Build configuration list for PBXNativeTarget "WeatherAppNew" */;
			buildPhases = (
				2233CD892A927E3200C1EECC /* Sources */,
				2233CD8A2A927E3200C1EECC /* Frameworks */,
				2233CD8B2A927E3200C1EECC /* Resources */,
			);
			buildRules = (
			);
			dependencies = (
			);
			name = WeatherAppNew;
			productName = WeatherAppNew;
			productReference = 2233CD8D2A927E3200C1EECC /* WeatherAppNew.app */;
			productType = "com.apple.product-type.application";
		};
		2233CDA22A927E3300C1EECC /* WeatherAppNewTests */ = {
			isa = PBXNativeTarget;
			buildConfigurationList = 2233CDBA2A927E3300C1EECC /* Build configuration list for PBXNativeTarget "WeatherAppNewTests" */;
			buildPhases = (
				2233CD9F2A927E3300C1EECC /* Sources */,
				2233CDA02A927E3300C1EECC /* Frameworks */,
				2233CDA12A927E3300C1EECC /* Resources */,
			);
			buildRules = (
			);
			dependencies = (
				2233CDA52A927E3300C1EECC /* PBXTargetDependency */,
			);
			name = WeatherAppNewTests;
			productName = WeatherAppNewTests;
			productReference = 2233CDA32A927E3300C1EECC /* WeatherAppNewTests.xctest */;
			productType = "com.apple.product-type.bundle.unit-test";
		};
		2233CDAC2A927E3300C1EECC /* WeatherAppNewUITests */ = {
			isa = PBXNativeTarget;
			buildConfigurationList = 2233CDBD2A927E3300C1EECC /* Build configuration list for PBXNativeTarget "WeatherAppNewUITests" */;
			buildPhases = (
				2233CDA92A927E3300C1EECC /* Sources */,
				2233CDAA2A927E3300C1EECC /* Frameworks */,
				2233CDAB2A927E3300C1EECC /* Resources */,
			);
			buildRules = (
			);
			dependencies = (
				2233CDAF2A927E3300C1EECC /* PBXTargetDependency */,
			);
			name = WeatherAppNewUITests;
			productName = WeatherAppNewUITests;
			productReference = 2233CDAD2A927E3300C1EECC /* WeatherAppNewUITests.xctest */;
			productType = "com.apple.product-type.bundle.ui-testing";
		};
/* End PBXNativeTarget section */

/* Begin PBXProject section */
		2233CD852A927E3200C1EECC /* Project object */ = {
			isa = PBXProject;
			attributes = {
				BuildIndependentTargetsInParallel = 1;
				LastSwiftUpdateCheck = 1430;
				LastUpgradeCheck = 1430;
				TargetAttributes = {
					2233CD8C2A927E3200C1EECC = {
						CreatedOnToolsVersion = 14.3.1;
					};
					2233CDA22A927E3300C1EECC = {
						CreatedOnToolsVersion = 14.3.1;
						TestTargetID = 2233CD8C2A927E3200C1EECC;
					};
					2233CDAC2A927E3300C1EECC = {
						CreatedOnToolsVersion = 14.3.1;
						TestTargetID = 2233CD8C2A927E3200C1EECC;
					};
				};
			};
			buildConfigurationList = 2233CD882A927E3200C1EECC /* Build configuration list for PBXProject "WeatherAppNew" */;
			compatibilityVersion = "Xcode 14.0";
			developmentRegion = en;
			hasScannedForEncodings = 0;
			knownRegions = (
				en,
				Base,
			);
			mainGroup = 2233CD842A927E3200C1EECC;
			productRefGroup = 2233CD8E2A927E3200C1EECC /* Products */;
			projectDirPath = "";
			projectRoot = "";
			targets = (
				2233CD8C2A927E3200C1EECC /* WeatherAppNew */,
				2233CDA22A927E3300C1EECC /* WeatherAppNewTests */,
				2233CDAC2A927E3300C1EECC /* WeatherAppNewUITests */,
			);
		};
/* End PBXProject section */

/* Begin PBXResourcesBuildPhase section */
		2233CD8B2A927E3200C1EECC /* Resources */ = {
			isa = PBXResourcesBuildPhase;
			buildActionMask = 2147483647;
			files = (
				2233CD9D2A927E3300C1EECC /* LaunchScreen.storyboard in Resources */,
				2233CD9A2A927E3300C1EECC /* Assets.xcassets in Resources */,
				2233CD982A927E3200C1EECC /* Main.storyboard in Resources */,
			);
			runOnlyForDeploymentPostprocessing = 0;
		};
		2233CDA12A927E3300C1EECC /* Resources */ = {
			isa = PBXResourcesBuildPhase;
			buildActionMask = 2147483647;
			files = (
			);
			runOnlyForDeploymentPostprocessing = 0;
		};
		2233CDAB2A927E3300C1EECC /* Resources */ = {
			isa = PBXResourcesBuildPhase;
			buildActionMask = 2147483647;
			files = (
			);
			runOnlyForDeploymentPostprocessing = 0;
		};
/* End PBXResourcesBuildPhase section */

/* Begin PBXSourcesBuildPhase section */
		2233CD892A927E3200C1EECC /* Sources */ = {
			isa = PBXSourcesBuildPhase;
			buildActionMask = 2147483647;
			files = (
				2233CD952A927E3200C1EECC /* ViewController.swift in Sources */,
				2233CD912A927E3200C1EECC /* AppDelegate.swift in Sources */,
				2233CD932A927E3200C1EECC /* SceneDelegate.swift in Sources */,
			);
			runOnlyForDeploymentPostprocessing = 0;
		};
		2233CD9F2A927E3300C1EECC /* Sources */ = {
			isa = PBXSourcesBuildPhase;
			buildActionMask = 2147483647;
			files = (
				2233CDA82A927E3300C1EECC /* WeatherAppNewTests.swift in Sources */,
			);
			runOnlyForDeploymentPostprocessing = 0;
		};
		2233CDA92A927E3300C1EECC /* Sources */ = {
			isa = PBXSourcesBuildPhase;
			buildActionMask = 2147483647;
			files = (
				2233CDB42A927E3300C1EECC /* WeatherAppNewUITestsLaunchTests.swift in Sources */,
				2233CDB22A927E3300C1EECC /* WeatherAppNewUITests.swift in Sources */,
			);
			runOnlyForDeploymentPostprocessing = 0;
		};
/* End PBXSourcesBuildPhase section */

/* Begin PBXTargetDependency section */
		2233CDA52A927E3300C1EECC /* PBXTargetDependency */ = {
			isa = PBXTargetDependency;
			target = 2233CD8C2A927E3200C1EECC /* WeatherAppNew */;
			targetProxy = 2233CDA42A927E3300C1EECC /* PBXContainerItemProxy */;
		};
		2233CDAF2A927E3300C1EECC /* PBXTargetDependency */ = {
			isa = PBXTargetDependency;
			target = 2233CD8C2A927E3200C1EECC /* WeatherAppNew */;
			targetProxy = 2233CDAE2A927E3300C1EECC /* PBXContainerItemProxy */;
		};
/* End PBXTargetDependency section */

/* Begin PBXVariantGroup section */
		2233CD962A927E3200C1EECC /* Main.storyboard */ = {
			isa = PBXVariantGroup;
			children = (
				2233CD972A927E3200C1EECC /* Base */,
			);
			name = Main.storyboard;
			sourceTree = "<group>";
		};
		2233CD9B2A927E3300C1EECC /* LaunchScreen.storyboard */ = {
			isa = PBXVariantGroup;
			children = (
				2233CD9C2A927E3300C1EECC /* Base */,
			);
			name = LaunchScreen.storyboard;
			sourceTree = "<group>";
		};
/* End PBXVariantGroup section */

/* Begin XCBuildConfiguration section */
		2233CDB52A927E3300C1EECC /* Debug */ = {
			isa = XCBuildConfiguration;
			buildSettings = {
				ALWAYS_SEARCH_USER_PATHS = NO;
				CLANG_ANALYZER_NONNULL = YES;
				CLANG_ANALYZER_NUMBER_OBJECT_CONVERSION = YES_AGGRESSIVE;
				CLANG_CXX_LANGUAGE_STANDARD = "gnu++20";
				CLANG_ENABLE_MODULES = YES;
				CLANG_ENABLE_OBJC_ARC = YES;
				CLANG_ENABLE_OBJC_WEAK = YES;
				CLANG_WARN_BLOCK_CAPTURE_AUTORELEASING = YES;
				CLANG_WARN_BOOL_CONVERSION = YES;
				CLANG_WARN_COMMA = YES;
				CLANG_WARN_CONSTANT_CONVERSION = YES;
				CLANG_WARN_DEPRECATED_OBJC_IMPLEMENTATIONS = YES;
				CLANG_WARN_DIRECT_OBJC_ISA_USAGE = YES_ERROR;
				CLANG_WARN_DOCUMENTATION_COMMENTS = YES;
				CLANG_WARN_EMPTY_BODY = YES;
				CLANG_WARN_ENUM_CONVERSION = YES;
				CLANG_WARN_INFINITE_RECURSION = YES;
				CLANG_WARN_INT_CONVERSION = YES;
				CLANG_WARN_NON_LITERAL_NULL_CONVERSION = YES;
				CLANG_WARN_OBJC_IMPLICIT_RETAIN_SELF = YES;
				CLANG_WARN_OBJC_LITERAL_CONVERSION = YES;
				CLANG_WARN_OBJC_ROOT_CLASS = YES_ERROR;
				CLANG_WARN_QUOTED_INCLUDE_IN_FRAMEWORK_HEADER = YES;
				CLANG_WARN_RANGE_LOOP_ANALYSIS = YES;
				CLANG_WARN_STRICT_PROTOTYPES = YES;
				CLANG_WARN_SUSPICIOUS_MOVE = YES;
				CLANG_WARN_UNGUARDED_AVAILABILITY = YES_AGGRESSIVE;
				CLANG_WARN_UNREACHABLE_CODE = YES;
				CLANG_WARN__DUPLICATE_METHOD_MATCH = YES;
				COPY_PHASE_STRIP = NO;
				DEBUG_INFORMATION_FORMAT = dwarf;
				ENABLE_STRICT_OBJC_MSGSEND = YES;
				ENABLE_TESTABILITY = YES;
				GCC_C_LANGUAGE_STANDARD = gnu11;
				GCC_DYNAMIC_NO_PIC = NO;
				GCC_NO_COMMON_BLOCKS = YES;
				GCC_OPTIMIZATION_LEVEL = 0;
				GCC_PREPROCESSOR_DEFINITIONS = (
					"DEBUG=1",
					"$(inherited)",
				);
				GCC_WARN_64_TO_32_BIT_CONVERSION = YES;
				GCC_WARN_ABOUT_RETURN_TYPE = YES_ERROR;
				GCC_WARN_UNDECLARED_SELECTOR = YES;
				GCC_WARN_UNINITIALIZED_AUTOS = YES_AGGRESSIVE;
				GCC_WARN_UNUSED_FUNCTION = YES;
				GCC_WARN_UNUSED_VARIABLE = YES;
				IPHONEOS_DEPLOYMENT_TARGET = 16.4;
				MTL_ENABLE_DEBUG_INFO = INCLUDE_SOURCE;
				MTL_FAST_MATH = YES;
				ONLY_ACTIVE_ARCH = YES;
				SDKROOT = iphoneos;
				SWIFT_ACTIVE_COMPILATION_CONDITIONS = DEBUG;
				SWIFT_OPTIMIZATION_LEVEL = "-Onone";
			};
			name = Debug;
		};
		2233CDB62A927E3300C1EECC /* Release */ = {
			isa = XCBuildConfiguration;
			buildSettings = {
				ALWAYS_SEARCH_USER_PATHS = NO;
				CLANG_ANALYZER_NONNULL = YES;
				CLANG_ANALYZER_NUMBER_OBJECT_CONVERSION = YES_AGGRESSIVE;
				CLANG_CXX_LANGUAGE_STANDARD = "gnu++20";
				CLANG_ENABLE_MODULES = YES;
				CLANG_ENABLE_OBJC_ARC = YES;
				CLANG_ENABLE_OBJC_WEAK = YES;
				CLANG_WARN_BLOCK_CAPTURE_AUTORELEASING = YES;
				CLANG_WARN_BOOL_CONVERSION = YES;
				CLANG_WARN_COMMA = YES;
				CLANG_WARN_CONSTANT_CONVERSION = YES;
				CLANG_WARN_DEPRECATED_OBJC_IMPLEMENTATIONS = YES;
				CLANG_WARN_DIRECT_OBJC_ISA_USAGE = YES_ERROR;
				CLANG_WARN_DOCUMENTATION_COMMENTS = YES;
				CLANG_WARN_EMPTY_BODY = YES;
				CLANG_WARN_ENUM_CONVERSION = YES;
				CLANG_WARN_INFINITE_RECURSION = YES;
				CLANG_WARN_INT_CONVERSION = YES;
				CLANG_WARN_NON_LITERAL_NULL_CONVERSION = YES;
				CLANG_WARN_OBJC_IMPLICIT_RETAIN_SELF = YES;
				CLANG_WARN_OBJC_LITERAL_CONVERSION = YES;
				CLANG_WARN_OBJC_ROOT_CLASS = YES_ERROR;
				CLANG_WARN_QUOTED_INCLUDE_IN_FRAMEWORK_HEADER = YES;
				CLANG_WARN_RANGE_LOOP_ANALYSIS = YES;
				CLANG_WARN_STRICT_PROTOTYPES = YES;
				CLANG_WARN_SUSPICIOUS_MOVE = YES;
				CLANG_WARN_UNGUARDED_AVAILABILITY = YES_AGGRESSIVE;
				CLANG_WARN_UNREACHABLE_CODE = YES;
				CLANG_WARN__DUPLICATE_METHOD_MATCH = YES;
				COPY_PHASE_STRIP = NO;
				DEBUG_INFORMATION_FORMAT = "dwarf-with-dsym";
				ENABLE_NS_ASSERTIONS = NO;
				ENABLE_STRICT_OBJC_MSGSEND = YES;
				GCC_C_LANGUAGE_STANDARD = gnu11;
				GCC_NO_COMMON_BLOCKS = YES;
				GCC_WARN_64_TO_32_BIT_CONVERSION = YES;
				GCC_WARN_ABOUT_RETURN_TYPE = YES_ERROR;
				GCC_WARN_UNDECLARED_SELECTOR = YES;
				GCC_WARN_UNINITIALIZED_AUTOS = YES_AGGRESSIVE;
				GCC_WARN_UNUSED_FUNCTION = YES;
				GCC_WARN_UNUSED_VARIABLE = YES;
				IPHONEOS_DEPLOYMENT_TARGET = 16.4;
				MTL_ENABLE_DEBUG_INFO = NO;
				MTL_FAST_MATH = YES;
				SDKROOT = iphoneos;
				SWIFT_COMPILATION_MODE = wholemodule;
				SWIFT_OPTIMIZATION_LEVEL = "-O";
				VALIDATE_PRODUCT = YES;
			};
			name = Release;
		};
		2233CDB82A927E3300C1EECC /* Debug */ = {
			isa = XCBuildConfiguration;
			buildSettings = {
				ASSETCATALOG_COMPILER_APPICON_NAME = AppIcon;
				ASSETCATALOG_COMPILER_GLOBAL_ACCENT_COLOR_NAME = AccentColor;
				CODE_SIGN_STYLE = Automatic;
				CURRENT_PROJECT_VERSION = 1;
				DEVELOPMENT_TEAM = 8R7XG2SSVB;
				GENERATE_INFOPLIST_FILE = YES;
				INFOPLIST_FILE = WeatherAppNew/Info.plist;
				INFOPLIST_KEY_UIApplicationSupportsIndirectInputEvents = YES;
				INFOPLIST_KEY_UILaunchStoryboardName = LaunchScreen;
				INFOPLIST_KEY_UIMainStoryboardFile = Main;
				INFOPLIST_KEY_UISupportedInterfaceOrientations_iPad = "UIInterfaceOrientationPortrait UIInterfaceOrientationPortraitUpsideDown UIInterfaceOrientationLandscapeLeft UIInterfaceOrientationLandscapeRight";
				INFOPLIST_KEY_UISupportedInterfaceOrientations_iPhone = "UIInterfaceOrientationPortrait UIInterfaceOrientationLandscapeLeft UIInterfaceOrientationLandscapeRight";
				LD_RUNPATH_SEARCH_PATHS = (
					"$(inherited)",
					"@executable_path/Frameworks",
				);
				MARKETING_VERSION = 1.0;
				PRODUCT_BUNDLE_IDENTIFIER = Syntax.WeatherAppNew;
				PRODUCT_NAME = "$(TARGET_NAME)";
				SWIFT_EMIT_LOC_STRINGS = YES;
				SWIFT_VERSION = 5.0;
				TARGETED_DEVICE_FAMILY = "1,2";
			};
			name = Debug;
		};
		2233CDB92A927E3300C1EECC /* Release */ = {
			isa = XCBuildConfiguration;
			buildSettings = {
				ASSETCATALOG_COMPILER_APPICON_NAME = AppIcon;
				ASSETCATALOG_COMPILER_GLOBAL_ACCENT_COLOR_NAME = AccentColor;
				CODE_SIGN_STYLE = Automatic;
				CURRENT_PROJECT_VERSION = 1;
				DEVELOPMENT_TEAM = 8R7XG2SSVB;
				GENERATE_INFOPLIST_FILE = YES;
				INFOPLIST_FILE = WeatherAppNew/Info.plist;
				INFOPLIST_KEY_UIApplicationSupportsIndirectInputEvents = YES;
				INFOPLIST_KEY_UILaunchStoryboardName = LaunchScreen;
				INFOPLIST_KEY_UIMainStoryboardFile = Main;
				INFOPLIST_KEY_UISupportedInterfaceOrientations_iPad = "UIInterfaceOrientationPortrait UIInterfaceOrientationPortraitUpsideDown UIInterfaceOrientationLandscapeLeft UIInterfaceOrientationLandscapeRight";
				INFOPLIST_KEY_UISupportedInterfaceOrientations_iPhone = "UIInterfaceOrientationPortrait UIInterfaceOrientationLandscapeLeft UIInterfaceOrientationLandscapeRight";
				LD_RUNPATH_SEARCH_PATHS = (
					"$(inherited)",
					"@executable_path/Frameworks",
				);
				MARKETING_VERSION = 1.0;
				PRODUCT_BUNDLE_IDENTIFIER = Syntax.WeatherAppNew;
				PRODUCT_NAME = "$(TARGET_NAME)";
				SWIFT_EMIT_LOC_STRINGS = YES;
				SWIFT_VERSION = 5.0;
				TARGETED_DEVICE_FAMILY = "1,2";
			};
			name = Release;
		};
		2233CDBB2A927E3300C1EECC /* Debug */ = {
			isa = XCBuildConfiguration;
			buildSettings = {
				ALWAYS_EMBED_SWIFT_STANDARD_LIBRARIES = YES;
				BUNDLE_LOADER = "$(TEST_HOST)";
				CODE_SIGN_STYLE = Automatic;
				CURRENT_PROJECT_VERSION = 1;
				DEVELOPMENT_TEAM = 8R7XG2SSVB;
				GENERATE_INFOPLIST_FILE = YES;
				IPHONEOS_DEPLOYMENT_TARGET = 16.4;
				MARKETING_VERSION = 1.0;
				PRODUCT_BUNDLE_IDENTIFIER = Syntax.WeatherAppNewTests;
				PRODUCT_NAME = "$(TARGET_NAME)";
				SWIFT_EMIT_LOC_STRINGS = NO;
				SWIFT_VERSION = 5.0;
				TARGETED_DEVICE_FAMILY = "1,2";
				TEST_HOST = "$(BUILT_PRODUCTS_DIR)/WeatherAppNew.app/$(BUNDLE_EXECUTABLE_FOLDER_PATH)/WeatherAppNew";
			};
			name = Debug;
		};
		2233CDBC2A927E3300C1EECC /* Release */ = {
			isa = XCBuildConfiguration;
			buildSettings = {
				ALWAYS_EMBED_SWIFT_STANDARD_LIBRARIES = YES;
				BUNDLE_LOADER = "$(TEST_HOST)";
				CODE_SIGN_STYLE = Automatic;
				CURRENT_PROJECT_VERSION = 1;
				DEVELOPMENT_TEAM = 8R7XG2SSVB;
				GENERATE_INFOPLIST_FILE = YES;
				IPHONEOS_DEPLOYMENT_TARGET = 16.4;
				MARKETING_VERSION = 1.0;
				PRODUCT_BUNDLE_IDENTIFIER = Syntax.WeatherAppNewTests;
				PRODUCT_NAME = "$(TARGET_NAME)";
				SWIFT_EMIT_LOC_STRINGS = NO;
				SWIFT_VERSION = 5.0;
				TARGETED_DEVICE_FAMILY = "1,2";
				TEST_HOST = "$(BUILT_PRODUCTS_DIR)/WeatherAppNew.app/$(BUNDLE_EXECUTABLE_FOLDER_PATH)/WeatherAppNew";
			};
			name = Release;
		};
		2233CDBE2A927E3300C1EECC /* Debug */ = {
			isa = XCBuildConfiguration;
			buildSettings = {
				ALWAYS_EMBED_SWIFT_STANDARD_LIBRARIES = YES;
				CODE_SIGN_STYLE = Automatic;
				CURRENT_PROJECT_VERSION = 1;
				DEVELOPMENT_TEAM = 8R7XG2SSVB;
				GENERATE_INFOPLIST_FILE = YES;
				MARKETING_VERSION = 1.0;
				PRODUCT_BUNDLE_IDENTIFIER = Syntax.WeatherAppNewUITests;
				PRODUCT_NAME = "$(TARGET_NAME)";
				SWIFT_EMIT_LOC_STRINGS = NO;
				SWIFT_VERSION = 5.0;
				TARGETED_DEVICE_FAMILY = "1,2";
				TEST_TARGET_NAME = WeatherAppNew;
			};
			name = Debug;
		};
		2233CDBF2A927E3300C1EECC /* Release */ = {
			isa = XCBuildConfiguration;
			buildSettings = {
				ALWAYS_EMBED_SWIFT_STANDARD_LIBRARIES = YES;
				CODE_SIGN_STYLE = Automatic;
				CURRENT_PROJECT_VERSION = 1;
				DEVELOPMENT_TEAM = 8R7XG2SSVB;
				GENERATE_INFOPLIST_FILE = YES;
				MARKETING_VERSION = 1.0;
				PRODUCT_BUNDLE_IDENTIFIER = Syntax.WeatherAppNewUITests;
				PRODUCT_NAME = "$(TARGET_NAME)";
				SWIFT_EMIT_LOC_STRINGS = NO;
				SWIFT_VERSION = 5.0;
				TARGETED_DEVICE_FAMILY = "1,2";
				TEST_TARGET_NAME = WeatherAppNew;
			};
			name = Release;
		};
/* End XCBuildConfiguration section */

/* Begin XCConfigurationList section */
		2233CD882A927E3200C1EECC /* Build configuration list for PBXProject "WeatherAppNew" */ = {
			isa = XCConfigurationList;
			buildConfigurations = (
				2233CDB52A927E3300C1EECC /* Debug */,
				2233CDB62A927E3300C1EECC /* Release */,
			);
			defaultConfigurationIsVisible = 0;
			defaultConfigurationName = Release;
		};
		2233CDB72A927E3300C1EECC /* Build configuration list for PBXNativeTarget "WeatherAppNew" */ = {
			isa = XCConfigurationList;
			buildConfigurations = (
				2233CDB82A927E3300C1EECC /* Debug */,
				2233CDB92A927E3300C1EECC /* Release */,
			);
			defaultConfigurationIsVisible = 0;
			defaultConfigurationName = Release;
		};
		2233CDBA2A927E3300C1EECC /* Build configuration list for PBXNativeTarget "WeatherAppNewTests" */ = {
			isa = XCConfigurationList;
			buildConfigurations = (
				2233CDBB2A927E3300C1EECC /* Debug */,
				2233CDBC2A927E3300C1EECC /* Release */,
			);
			defaultConfigurationIsVisible = 0;
			defaultConfigurationName = Release;
		};
		2233CDBD2A927E3300C1EECC /* Build configuration list for PBXNativeTarget "WeatherAppNewUITests" */ = {
			isa = XCConfigurationList;
			buildConfigurations = (
				2233CDBE2A927E3300C1EECC /* Debug */,
				2233CDBF2A927E3300C1EECC /* Release */,
			);
			defaultConfigurationIsVisible = 0;
			defaultConfigurationName = Release;
		};
/* End XCConfigurationList section */
	};
	rootObject = 2233CD852A927E3200C1EECC /* Project object */;
}
